
Microsoft Visual Studio Solution File, Format Version 12.00
# Visual Studio Version 17
VisualStudioVersion = 17.6.33815.320
MinimumVisualStudioVersion = 10.0.40219.1
Project("{FAE04EC0-301F-11D3-BF4B-00C04F79EFBC}") = "PayrollService", "PayrollService.csproj", "{935205DC-0B33-4B6C-A242-16FA8B8878F1}"
EndProject
Global
	GlobalSection(SolutionConfigurationPlatforms) = preSolution
		Debug|Any CPU = Debug|Any CPU
		Release|Any CPU = Release|Any CPU
	EndGlobalSection
	GlobalSection(ProjectConfigurationPlatforms) = postSolution
		{935205DC-0B33-4B6C-A242-16FA8B8878F1}.Debug|Any CPU.ActiveCfg = Debug|Any CPU
		{935205DC-0B33-4B6C-A242-16FA8B8878F1}.Debug|Any CPU.Build.0 = Debug|Any CPU
		{935205DC-0B33-4B6C-A242-16FA8B8878F1}.Release|Any CPU.ActiveCfg = Release|Any CPU
		{935205DC-0B33-4B6C-A242-16FA8B8878F1}.Release|Any CPU.Build.0 = Release|Any CPU
	EndGlobalSection
	GlobalSection(SolutionProperties) = preSolution
		HideSolutionNode = FALSE
	EndGlobalSection
	GlobalSection(ExtensibilityGlobals) = postSolution
		SolutionGuid = {DD9A26D3-4515-4F50-B4D3-F588B9258571}
	EndGlobalSection
EndGlobal
